
Microsoft Visual Studio Solution File, Format Version 12.00
# Visual Studio 15
VisualStudioVersion = 15.0.27004.2005
MinimumVisualStudioVersion = 10.0.40219.1
Project("{FAE04EC0-301F-11D3-BF4B-00C04F79EFBC}") = "CommonMethod", "CommonMethod\CommonMethod.csproj", "{FE120503-38ED-4A41-91E7-835BDB1B625C}"
EndProject
Project("{FAE04EC0-301F-11D3-BF4B-00C04F79EFBC}") = "CommonMethod_Winform_Use", "CommonMethod_Winform_Use\CommonMethod_Winform_Use.csproj", "{700932BA-5557-4BFB-9DB4-804407A51A4A}"
EndProject
Project("{FAE04EC0-301F-11D3-BF4B-00C04F79EFBC}") = "CommonMethod_Winform_Use1", "CommonMethod_Winform_Use1\CommonMethod_Winform_Use1.csproj", "{93D340D9-FFD9-4AC0-81FB-687C7FDE86EE}"
EndProject
Project("{FAE04EC0-301F-11D3-BF4B-00C04F79EFBC}") = "PublicClassCurrency", "PublicClassCurrency\PublicClassCurrency.csproj", "{69BC40A2-638D-49E9-A367-52644BD39C54}"
EndProject
Project("{FAE04EC0-301F-11D3-BF4B-00C04F79EFBC}") = "SKDataSourceConvert", "SKDataSourceConvert\SKDataSourceConvert.csproj", "{FE048DE1-C744-49E6-A725-DA1A369FE3AC}"
EndProject
Project("{FAE04EC0-301F-11D3-BF4B-00C04F79EFBC}") = "DBOperAt", "DBOperAt\DBOperAt.csproj", "{E7FC843F-C055-446B-84A7-3FF0A74B4FC2}"
EndProject
Project("{FAE04EC0-301F-11D3-BF4B-00C04F79EFBC}") = "DBOperAtTests", "DBOperAtTests\DBOperAtTests.csproj", "{647E21BE-8B02-4FE4-AED4-A4B071EDD80F}"
EndProject
Project("{FAE04EC0-301F-11D3-BF4B-00C04F79EFBC}") = "SKDataSourceConvertTests", "SKDataSourceConvertTests\SKDataSourceConvertTests.csproj", "{747AB76C-E528-49CF-A3D3-7A06705DEA1C}"
EndProject
Project("{FAE04EC0-301F-11D3-BF4B-00C04F79EFBC}") = "CommonMethodTests", "CommonMethodTests\CommonMethodTests.csproj", "{933ED6DE-FE91-4030-AA89-B1F9306A8110}"
EndProject
Project("{FAE04EC0-301F-11D3-BF4B-00C04F79EFBC}") = "DBOperAtTests1", "DBOperAtTests1\DBOperAtTests1.csproj", "{E447C26E-9121-4971-AFB8-AF152697BABB}"
EndProject
Project("{FAE04EC0-301F-11D3-BF4B-00C04F79EFBC}") = "SKVideoRecordConvert", "SKVideoRecordConvert\SKVideoRecordConvert.csproj", "{86FB3241-942C-4809-9FDC-1EAF699F31F4}"
EndProject
Project("{FAE04EC0-301F-11D3-BF4B-00C04F79EFBC}") = "SKVideoRecordConvertTests", "SKVideoRecordConvertTests\SKVideoRecordConvertTests.csproj", "{F702BC65-BE5E-4701-BACE-190AC9543956}"
EndProject
Project("{FAE04EC0-301F-11D3-BF4B-00C04F79EFBC}") = "CmdTest", "CmdTest\CmdTest.csproj", "{3ABE5564-9A8E-479D-B576-0051F7D33D3B}"
EndProject
Global
	GlobalSection(SolutionConfigurationPlatforms) = preSolution
		Debug|Any CPU = Debug|Any CPU
		Release|Any CPU = Release|Any CPU
	EndGlobalSection
	GlobalSection(ProjectConfigurationPlatforms) = postSolution
		{FE120503-38ED-4A41-91E7-835BDB1B625C}.Debug|Any CPU.ActiveCfg = Debug|Any CPU
		{FE120503-38ED-4A41-91E7-835BDB1B625C}.Debug|Any CPU.Build.0 = Debug|Any CPU
		{FE120503-38ED-4A41-91E7-835BDB1B625C}.Release|Any CPU.ActiveCfg = Release|Any CPU
		{FE120503-38ED-4A41-91E7-835BDB1B625C}.Release|Any CPU.Build.0 = Release|Any CPU
		{700932BA-5557-4BFB-9DB4-804407A51A4A}.Debug|Any CPU.ActiveCfg = Debug|Any CPU
		{700932BA-5557-4BFB-9DB4-804407A51A4A}.Debug|Any CPU.Build.0 = Debug|Any CPU
		{700932BA-5557-4BFB-9DB4-804407A51A4A}.Release|Any CPU.ActiveCfg = Release|Any CPU
		{700932BA-5557-4BFB-9DB4-804407A51A4A}.Release|Any CPU.Build.0 = Release|Any CPU
		{93D340D9-FFD9-4AC0-81FB-687C7FDE86EE}.Debug|Any CPU.ActiveCfg = Debug|Any CPU
		{93D340D9-FFD9-4AC0-81FB-687C7FDE86EE}.Debug|Any CPU.Build.0 = Debug|Any CPU
		{93D340D9-FFD9-4AC0-81FB-687C7FDE86EE}.Release|Any CPU.ActiveCfg = Release|Any CPU
		{93D340D9-FFD9-4AC0-81FB-687C7FDE86EE}.Release|Any CPU.Build.0 = Release|Any CPU
		{69BC40A2-638D-49E9-A367-52644BD39C54}.Debug|Any CPU.ActiveCfg = Debug|Any CPU
		{69BC40A2-638D-49E9-A367-52644BD39C54}.Debug|Any CPU.Build.0 = Debug|Any CPU
		{69BC40A2-638D-49E9-A367-52644BD39C54}.Release|Any CPU.ActiveCfg = Release|Any CPU
		{69BC40A2-638D-49E9-A367-52644BD39C54}.Release|Any CPU.Build.0 = Release|Any CPU
		{FE048DE1-C744-49E6-A725-DA1A369FE3AC}.Debug|Any CPU.ActiveCfg = Debug|Any CPU
		{FE048DE1-C744-49E6-A725-DA1A369FE3AC}.Debug|Any CPU.Build.0 = Debug|Any CPU
		{FE048DE1-C744-49E6-A725-DA1A369FE3AC}.Release|Any CPU.ActiveCfg = Release|Any CPU
		{FE048DE1-C744-49E6-A725-DA1A369FE3AC}.Release|Any CPU.Build.0 = Release|Any CPU
		{E7FC843F-C055-446B-84A7-3FF0A74B4FC2}.Debug|Any CPU.ActiveCfg = Debug|Any CPU
		{E7FC843F-C055-446B-84A7-3FF0A74B4FC2}.Debug|Any CPU.Build.0 = Debug|Any CPU
		{E7FC843F-C055-446B-84A7-3FF0A74B4FC2}.Release|Any CPU.ActiveCfg = Release|Any CPU
		{E7FC843F-C055-446B-84A7-3FF0A74B4FC2}.Release|Any CPU.Build.0 = Release|Any CPU
		{647E21BE-8B02-4FE4-AED4-A4B071EDD80F}.Debug|Any CPU.ActiveCfg = Debug|Any CPU
		{647E21BE-8B02-4FE4-AED4-A4B071EDD80F}.Debug|Any CPU.Build.0 = Debug|Any CPU
		{647E21BE-8B02-4FE4-AED4-A4B071EDD80F}.Release|Any CPU.ActiveCfg = Release|Any CPU
		{647E21BE-8B02-4FE4-AED4-A4B071EDD80F}.Release|Any CPU.Build.0 = Release|Any CPU
		{747AB76C-E528-49CF-A3D3-7A06705DEA1C}.Debug|Any CPU.ActiveCfg = Debug|Any CPU
		{747AB76C-E528-49CF-A3D3-7A06705DEA1C}.Debug|Any CPU.Build.0 = Debug|Any CPU
		{747AB76C-E528-49CF-A3D3-7A06705DEA1C}.Release|Any CPU.ActiveCfg = Release|Any CPU
		{747AB76C-E528-49CF-A3D3-7A06705DEA1C}.Release|Any CPU.Build.0 = Release|Any CPU
		{933ED6DE-FE91-4030-AA89-B1F9306A8110}.Debug|Any CPU.ActiveCfg = Debug|Any CPU
		{933ED6DE-FE91-4030-AA89-B1F9306A8110}.Debug|Any CPU.Build.0 = Debug|Any CPU
		{933ED6DE-FE91-4030-AA89-B1F9306A8110}.Release|Any CPU.ActiveCfg = Release|Any CPU
		{933ED6DE-FE91-4030-AA89-B1F9306A8110}.Release|Any CPU.Build.0 = Release|Any CPU
		{E447C26E-9121-4971-AFB8-AF152697BABB}.Debug|Any CPU.ActiveCfg = Debug|Any CPU
		{E447C26E-9121-4971-AFB8-AF152697BABB}.Debug|Any CPU.Build.0 = Debug|Any CPU
		{E447C26E-9121-4971-AFB8-AF152697BABB}.Release|Any CPU.ActiveCfg = Release|Any CPU
		{E447C26E-9121-4971-AFB8-AF152697BABB}.Release|Any CPU.Build.0 = Release|Any CPU
		{86FB3241-942C-4809-9FDC-1EAF699F31F4}.Debug|Any CPU.ActiveCfg = Debug|Any CPU
		{86FB3241-942C-4809-9FDC-1EAF699F31F4}.Debug|Any CPU.Build.0 = Debug|Any CPU
		{86FB3241-942C-4809-9FDC-1EAF699F31F4}.Release|Any CPU.ActiveCfg = Release|Any CPU
		{86FB3241-942C-4809-9FDC-1EAF699F31F4}.Release|Any CPU.Build.0 = Release|Any CPU
		{F702BC65-BE5E-4701-BACE-190AC9543956}.Debug|Any CPU.ActiveCfg = Debug|Any CPU
		{F702BC65-BE5E-4701-BACE-190AC9543956}.Debug|Any CPU.Build.0 = Debug|Any CPU
		{F702BC65-BE5E-4701-BACE-190AC9543956}.Release|Any CPU.ActiveCfg = Release|Any CPU
		{F702BC65-BE5E-4701-BACE-190AC9543956}.Release|Any CPU.Build.0 = Release|Any CPU
		{3ABE5564-9A8E-479D-B576-0051F7D33D3B}.Debug|Any CPU.ActiveCfg = Debug|Any CPU
		{3ABE5564-9A8E-479D-B576-0051F7D33D3B}.Debug|Any CPU.Build.0 = Debug|Any CPU
		{3ABE5564-9A8E-479D-B576-0051F7D33D3B}.Release|Any CPU.ActiveCfg = Release|Any CPU
		{3ABE5564-9A8E-479D-B576-0051F7D33D3B}.Release|Any CPU.Build.0 = Release|Any CPU
	EndGlobalSection
	GlobalSection(SolutionProperties) = preSolution
		HideSolutionNode = FALSE
	EndGlobalSection
	GlobalSection(ExtensibilityGlobals) = postSolution
		SolutionGuid = {3D8C3035-D172-4E77-BC22-CD9BD368BD36}
	EndGlobalSection
EndGlobal
