
Microsoft Visual Studio Solution File, Format Version 12.00
# Visual Studio 15
VisualStudioVersion = 15.0.27004.2005
MinimumVisualStudioVersion = 10.0.40219.1
Project("{FAE04EC0-301F-11D3-BF4B-00C04F79EFBC}") = "CommonMethod", "CommonMethod\CommonMethod.csproj", "{FE120503-38ED-4A41-91E7-835BDB1B625C}"
EndProject
Project("{FAE04EC0-301F-11D3-BF4B-00C04F79EFBC}") = "CommonMethodTests", "CommonMethodTests\CommonMethodTests.csproj", "{5B18B655-3B34-4217-A43A-609611A34F57}"
EndProject
Project("{FAE04EC0-301F-11D3-BF4B-00C04F79EFBC}") = "CommonMethod_Winform_Use", "CommonMethod_Winform_Use\CommonMethod_Winform_Use.csproj", "{700932BA-5557-4BFB-9DB4-804407A51A4A}"
EndProject
Project("{FAE04EC0-301F-11D3-BF4B-00C04F79EFBC}") = "CommonMethod_Winform_Use1", "CommonMethod_Winform_Use1\CommonMethod_Winform_Use1.csproj", "{93D340D9-FFD9-4AC0-81FB-687C7FDE86EE}"
EndProject
Project("{FAE04EC0-301F-11D3-BF4B-00C04F79EFBC}") = "CommonMethodTests1", "CommonMethodTests1\CommonMethodTests1.csproj", "{307E3CEB-7564-4FC2-82D3-11806BB78CA4}"
EndProject
Project("{FAE04EC0-301F-11D3-BF4B-00C04F79EFBC}") = "PublicClassCurrency", "PublicClassCurrency\PublicClassCurrency.csproj", "{69BC40A2-638D-49E9-A367-52644BD39C54}"
EndProject
Project("{FAE04EC0-301F-11D3-BF4B-00C04F79EFBC}") = "SKDataSourceConvert", "SKDataSourceConvert\SKDataSourceConvert.csproj", "{FE048DE1-C744-49E6-A725-DA1A369FE3AC}"
EndProject
Global
	GlobalSection(SolutionConfigurationPlatforms) = preSolution
		Debug|Any CPU = Debug|Any CPU
		Release|Any CPU = Release|Any CPU
	EndGlobalSection
	GlobalSection(ProjectConfigurationPlatforms) = postSolution
		{FE120503-38ED-4A41-91E7-835BDB1B625C}.Debug|Any CPU.ActiveCfg = Debug|Any CPU
		{FE120503-38ED-4A41-91E7-835BDB1B625C}.Debug|Any CPU.Build.0 = Debug|Any CPU
		{FE120503-38ED-4A41-91E7-835BDB1B625C}.Release|Any CPU.ActiveCfg = Release|Any CPU
		{FE120503-38ED-4A41-91E7-835BDB1B625C}.Release|Any CPU.Build.0 = Release|Any CPU
		{5B18B655-3B34-4217-A43A-609611A34F57}.Debug|Any CPU.ActiveCfg = Debug|Any CPU
		{5B18B655-3B34-4217-A43A-609611A34F57}.Debug|Any CPU.Build.0 = Debug|Any CPU
		{5B18B655-3B34-4217-A43A-609611A34F57}.Release|Any CPU.ActiveCfg = Release|Any CPU
		{5B18B655-3B34-4217-A43A-609611A34F57}.Release|Any CPU.Build.0 = Release|Any CPU
		{700932BA-5557-4BFB-9DB4-804407A51A4A}.Debug|Any CPU.ActiveCfg = Debug|Any CPU
		{700932BA-5557-4BFB-9DB4-804407A51A4A}.Debug|Any CPU.Build.0 = Debug|Any CPU
		{700932BA-5557-4BFB-9DB4-804407A51A4A}.Release|Any CPU.ActiveCfg = Release|Any CPU
		{700932BA-5557-4BFB-9DB4-804407A51A4A}.Release|Any CPU.Build.0 = Release|Any CPU
		{93D340D9-FFD9-4AC0-81FB-687C7FDE86EE}.Debug|Any CPU.ActiveCfg = Debug|Any CPU
		{93D340D9-FFD9-4AC0-81FB-687C7FDE86EE}.Debug|Any CPU.Build.0 = Debug|Any CPU
		{93D340D9-FFD9-4AC0-81FB-687C7FDE86EE}.Release|Any CPU.ActiveCfg = Release|Any CPU
		{93D340D9-FFD9-4AC0-81FB-687C7FDE86EE}.Release|Any CPU.Build.0 = Release|Any CPU
		{307E3CEB-7564-4FC2-82D3-11806BB78CA4}.Debug|Any CPU.ActiveCfg = Debug|Any CPU
		{307E3CEB-7564-4FC2-82D3-11806BB78CA4}.Debug|Any CPU.Build.0 = Debug|Any CPU
		{307E3CEB-7564-4FC2-82D3-11806BB78CA4}.Release|Any CPU.ActiveCfg = Release|Any CPU
		{307E3CEB-7564-4FC2-82D3-11806BB78CA4}.Release|Any CPU.Build.0 = Release|Any CPU
		{69BC40A2-638D-49E9-A367-52644BD39C54}.Debug|Any CPU.ActiveCfg = Debug|Any CPU
		{69BC40A2-638D-49E9-A367-52644BD39C54}.Debug|Any CPU.Build.0 = Debug|Any CPU
		{69BC40A2-638D-49E9-A367-52644BD39C54}.Release|Any CPU.ActiveCfg = Release|Any CPU
		{69BC40A2-638D-49E9-A367-52644BD39C54}.Release|Any CPU.Build.0 = Release|Any CPU
		{FE048DE1-C744-49E6-A725-DA1A369FE3AC}.Debug|Any CPU.ActiveCfg = Debug|Any CPU
		{FE048DE1-C744-49E6-A725-DA1A369FE3AC}.Debug|Any CPU.Build.0 = Debug|Any CPU
		{FE048DE1-C744-49E6-A725-DA1A369FE3AC}.Release|Any CPU.ActiveCfg = Release|Any CPU
		{FE048DE1-C744-49E6-A725-DA1A369FE3AC}.Release|Any CPU.Build.0 = Release|Any CPU
	EndGlobalSection
	GlobalSection(SolutionProperties) = preSolution
		HideSolutionNode = FALSE
	EndGlobalSection
	GlobalSection(ExtensibilityGlobals) = postSolution
		SolutionGuid = {3D8C3035-D172-4E77-BC22-CD9BD368BD36}
	EndGlobalSection
EndGlobal
